// !$*UTF8*$!
{
	archiveVersion = 1;
	classes = {
	};
	objectVersion = 46;
	objects = {

/* Begin PBXBuildFile section */
		E57273641E94E59100AAE90C /* main.m in Sources */ = {isa = PBXBuildFile; fileRef = E57273631E94E59100AAE90C /* main.m */; };
		E57273671E94E59100AAE90C /* AppDelegate.m in Sources */ = {isa = PBXBuildFile; fileRef = E57273661E94E59100AAE90C /* AppDelegate.m */; };
		E572736A1E94E59100AAE90C /* ViewController.m in Sources */ = {isa = PBXBuildFile; fileRef = E57273691E94E59100AAE90C /* ViewController.m */; };
		E572736D1E94E59100AAE90C /* Main.storyboard in Resources */ = {isa = PBXBuildFile; fileRef = E572736B1E94E59100AAE90C /* Main.storyboard */; };
		E572736F1E94E59100AAE90C /* Assets.xcassets in Resources */ = {isa = PBXBuildFile; fileRef = E572736E1E94E59100AAE90C /* Assets.xcassets */; };
		E57273721E94E59100AAE90C /* LaunchScreen.storyboard in Resources */ = {isa = PBXBuildFile; fileRef = E57273701E94E59100AAE90C /* LaunchScreen.storyboard */; };
		E57273871E94E5AC00AAE90C /* AFHTTPSessionManager.m in Sources */ = {isa = PBXBuildFile; fileRef = E572737B1E94E5AC00AAE90C /* AFHTTPSessionManager.m */; };
		E57273881E94E5AC00AAE90C /* AFNetworkReachabilityManager.m in Sources */ = {isa = PBXBuildFile; fileRef = E572737E1E94E5AC00AAE90C /* AFNetworkReachabilityManager.m */; };
		E57273891E94E5AC00AAE90C /* AFSecurityPolicy.m in Sources */ = {isa = PBXBuildFile; fileRef = E57273801E94E5AC00AAE90C /* AFSecurityPolicy.m */; };
		E572738A1E94E5AC00AAE90C /* AFURLRequestSerialization.m in Sources */ = {isa = PBXBuildFile; fileRef = E57273821E94E5AC00AAE90C /* AFURLRequestSerialization.m */; };
		E572738B1E94E5AC00AAE90C /* AFURLResponseSerialization.m in Sources */ = {isa = PBXBuildFile; fileRef = E57273841E94E5AC00AAE90C /* AFURLResponseSerialization.m */; };
		E572738C1E94E5AC00AAE90C /* AFURLSessionManager.m in Sources */ = {isa = PBXBuildFile; fileRef = E57273861E94E5AC00AAE90C /* AFURLSessionManager.m */; };
		E57273B51E94E5BB00AAE90C /* MKAnnotationView+WebCache.m in Sources */ = {isa = PBXBuildFile; fileRef = E572738F1E94E5BB00AAE90C /* MKAnnotationView+WebCache.m */; };
		E57273B61E94E5BB00AAE90C /* NSData+ImageContentType.m in Sources */ = {isa = PBXBuildFile; fileRef = E57273911E94E5BB00AAE90C /* NSData+ImageContentType.m */; };
		E57273B71E94E5BB00AAE90C /* NSImage+WebCache.m in Sources */ = {isa = PBXBuildFile; fileRef = E57273931E94E5BB00AAE90C /* NSImage+WebCache.m */; };
		E57273B81E94E5BB00AAE90C /* SDImageCache.m in Sources */ = {isa = PBXBuildFile; fileRef = E57273951E94E5BB00AAE90C /* SDImageCache.m */; };
		E57273B91E94E5BB00AAE90C /* SDImageCacheConfig.m in Sources */ = {isa = PBXBuildFile; fileRef = E57273971E94E5BB00AAE90C /* SDImageCacheConfig.m */; };
		E57273BA1E94E5BB00AAE90C /* SDWebImageCompat.m in Sources */ = {isa = PBXBuildFile; fileRef = E57273991E94E5BB00AAE90C /* SDWebImageCompat.m */; };
		E57273BB1E94E5BB00AAE90C /* SDWebImageDecoder.m in Sources */ = {isa = PBXBuildFile; fileRef = E572739B1E94E5BB00AAE90C /* SDWebImageDecoder.m */; };
		E57273BC1E94E5BB00AAE90C /* SDWebImageDownloader.m in Sources */ = {isa = PBXBuildFile; fileRef = E572739D1E94E5BB00AAE90C /* SDWebImageDownloader.m */; };
		E57273BD1E94E5BB00AAE90C /* SDWebImageDownloaderOperation.m in Sources */ = {isa = PBXBuildFile; fileRef = E572739F1E94E5BB00AAE90C /* SDWebImageDownloaderOperation.m */; };
		E57273BE1E94E5BB00AAE90C /* SDWebImageManager.m in Sources */ = {isa = PBXBuildFile; fileRef = E57273A11E94E5BB00AAE90C /* SDWebImageManager.m */; };
		E57273BF1E94E5BB00AAE90C /* SDWebImagePrefetcher.m in Sources */ = {isa = PBXBuildFile; fileRef = E57273A41E94E5BB00AAE90C /* SDWebImagePrefetcher.m */; };
		E57273C01E94E5BB00AAE90C /* UIButton+WebCache.m in Sources */ = {isa = PBXBuildFile; fileRef = E57273A61E94E5BB00AAE90C /* UIButton+WebCache.m */; };
		E57273C11E94E5BB00AAE90C /* UIImage+GIF.m in Sources */ = {isa = PBXBuildFile; fileRef = E57273A81E94E5BB00AAE90C /* UIImage+GIF.m */; };
		E57273C21E94E5BB00AAE90C /* UIImage+MultiFormat.m in Sources */ = {isa = PBXBuildFile; fileRef = E57273AA1E94E5BB00AAE90C /* UIImage+MultiFormat.m */; };
		E57273C31E94E5BB00AAE90C /* UIImage+WebP.m in Sources */ = {isa = PBXBuildFile; fileRef = E57273AC1E94E5BB00AAE90C /* UIImage+WebP.m */; };
		E57273C41E94E5BB00AAE90C /* UIImageView+HighlightedWebCache.m in Sources */ = {isa = PBXBuildFile; fileRef = E57273AE1E94E5BB00AAE90C /* UIImageView+HighlightedWebCache.m */; };
		E57273C51E94E5BB00AAE90C /* UIImageView+WebCache.m in Sources */ = {isa = PBXBuildFile; fileRef = E57273B01E94E5BB00AAE90C /* UIImageView+WebCache.m */; };
		E57273C61E94E5BB00AAE90C /* UIView+WebCache.m in Sources */ = {isa = PBXBuildFile; fileRef = E57273B21E94E5BB00AAE90C /* UIView+WebCache.m */; };
		E57273C71E94E5BB00AAE90C /* UIView+WebCacheOperation.m in Sources */ = {isa = PBXBuildFile; fileRef = E57273B41E94E5BB00AAE90C /* UIView+WebCacheOperation.m */; };
		E57273CA1E94E8AA00AAE90C /* HMContact.m in Sources */ = {isa = PBXBuildFile; fileRef = E57273C91E94E8AA00AAE90C /* HMContact.m */; };
		E57273CE1E94E9A700AAE90C /* HMTableViewCell.m in Sources */ = {isa = PBXBuildFile; fileRef = E57273CC1E94E9A700AAE90C /* HMTableViewCell.m */; };
		E57273CF1E94E9A700AAE90C /* HMTableViewCell.xib in Resources */ = {isa = PBXBuildFile; fileRef = E57273CD1E94E9A700AAE90C /* HMTableViewCell.xib */; };
/* End PBXBuildFile section */

/* Begin PBXFileReference section */
		E572735F1E94E59100AAE90C /* 联系人.app */ = {isa = PBXFileReference; explicitFileType = wrapper.application; includeInIndex = 0; path = "联系人.app"; sourceTree = BUILT_PRODUCTS_DIR; };
		E57273631E94E59100AAE90C /* main.m */ = {isa = PBXFileReference; lastKnownFileType = sourcecode.c.objc; path = main.m; sourceTree = "<group>"; };
		E57273651E94E59100AAE90C /* AppDelegate.h */ = {isa = PBXFileReference; lastKnownFileType = sourcecode.c.h; path = AppDelegate.h; sourceTree = "<group>"; };
		E57273661E94E59100AAE90C /* AppDelegate.m */ = {isa = PBXFileReference; lastKnownFileType = sourcecode.c.objc; path = AppDelegate.m; sourceTree = "<group>"; };
		E57273681E94E59100AAE90C /* ViewController.h */ = {isa = PBXFileReference; lastKnownFileType = sourcecode.c.h; path = ViewController.h; sourceTree = "<group>"; };
		E57273691E94E59100AAE90C /* ViewController.m */ = {isa = PBXFileReference; lastKnownFileType = sourcecode.c.objc; path = ViewController.m; sourceTree = "<group>"; };
		E572736C1E94E59100AAE90C /* Base */ = {isa = PBXFileReference; lastKnownFileType = file.storyboard; name = Base; path = Base.lproj/Main.storyboard; sourceTree = "<group>"; };
		E572736E1E94E59100AAE90C /* Assets.xcassets */ = {isa = PBXFileReference; lastKnownFileType = folder.assetcatalog; path = Assets.xcassets; sourceTree = "<group>"; };
		E57273711E94E59100AAE90C /* Base */ = {isa = PBXFileReference; lastKnownFileType = file.storyboard; name = Base; path = Base.lproj/LaunchScreen.storyboard; sourceTree = "<group>"; };
		E57273731E94E59100AAE90C /* Info.plist */ = {isa = PBXFileReference; lastKnownFileType = text.plist.xml; path = Info.plist; sourceTree = "<group>"; };
		E572737A1E94E5AC00AAE90C /* AFHTTPSessionManager.h */ = {isa = PBXFileReference; fileEncoding = 4; lastKnownFileType = sourcecode.c.h; path = AFHTTPSessionManager.h; sourceTree = "<group>"; };
		E572737B1E94E5AC00AAE90C /* AFHTTPSessionManager.m */ = {isa = PBXFileReference; fileEncoding = 4; lastKnownFileType = sourcecode.c.objc; path = AFHTTPSessionManager.m; sourceTree = "<group>"; };
		E572737C1E94E5AC00AAE90C /* AFNetworking.h */ = {isa = PBXFileReference; fileEncoding = 4; lastKnownFileType = sourcecode.c.h; path = AFNetworking.h; sourceTree = "<group>"; };
		E572737D1E94E5AC00AAE90C /* AFNetworkReachabilityManager.h */ = {isa = PBXFileReference; fileEncoding = 4; lastKnownFileType = sourcecode.c.h; path = AFNetworkReachabilityManager.h; sourceTree = "<group>"; };
		E572737E1E94E5AC00AAE90C /* AFNetworkReachabilityManager.m */ = {isa = PBXFileReference; fileEncoding = 4; lastKnownFileType = sourcecode.c.objc; path = AFNetworkReachabilityManager.m; sourceTree = "<group>"; };
		E572737F1E94E5AC00AAE90C /* AFSecurityPolicy.h */ = {isa = PBXFileReference; fileEncoding = 4; lastKnownFileType = sourcecode.c.h; path = AFSecurityPolicy.h; sourceTree = "<group>"; };
		E57273801E94E5AC00AAE90C /* AFSecurityPolicy.m */ = {isa = PBXFileReference; fileEncoding = 4; lastKnownFileType = sourcecode.c.objc; path = AFSecurityPolicy.m; sourceTree = "<group>"; };
		E57273811E94E5AC00AAE90C /* AFURLRequestSerialization.h */ = {isa = PBXFileReference; fileEncoding = 4; lastKnownFileType = sourcecode.c.h; path = AFURLRequestSerialization.h; sourceTree = "<group>"; };
		E57273821E94E5AC00AAE90C /* AFURLRequestSerialization.m */ = {isa = PBXFileReference; fileEncoding = 4; lastKnownFileType = sourcecode.c.objc; path = AFURLRequestSerialization.m; sourceTree = "<group>"; };
		E57273831E94E5AC00AAE90C /* AFURLResponseSerialization.h */ = {isa = PBXFileReference; fileEncoding = 4; lastKnownFileType = sourcecode.c.h; path = AFURLResponseSerialization.h; sourceTree = "<group>"; };
		E57273841E94E5AC00AAE90C /* AFURLResponseSerialization.m */ = {isa = PBXFileReference; fileEncoding = 4; lastKnownFileType = sourcecode.c.objc; path = AFURLResponseSerialization.m; sourceTree = "<group>"; };
		E57273851E94E5AC00AAE90C /* AFURLSessionManager.h */ = {isa = PBXFileReference; fileEncoding = 4; lastKnownFileType = sourcecode.c.h; path = AFURLSessionManager.h; sourceTree = "<group>"; };
		E57273861E94E5AC00AAE90C /* AFURLSessionManager.m */ = {isa = PBXFileReference; fileEncoding = 4; lastKnownFileType = sourcecode.c.objc; path = AFURLSessionManager.m; sourceTree = "<group>"; };
		E572738E1E94E5BB00AAE90C /* MKAnnotationView+WebCache.h */ = {isa = PBXFileReference; fileEncoding = 4; lastKnownFileType = sourcecode.c.h; path = "MKAnnotationView+WebCache.h"; sourceTree = "<group>"; };
		E572738F1E94E5BB00AAE90C /* MKAnnotationView+WebCache.m */ = {isa = PBXFileReference; fileEncoding = 4; lastKnownFileType = sourcecode.c.objc; path = "MKAnnotationView+WebCache.m"; sourceTree = "<group>"; };
		E57273901E94E5BB00AAE90C /* NSData+ImageContentType.h */ = {isa = PBXFileReference; fileEncoding = 4; lastKnownFileType = sourcecode.c.h; path = "NSData+ImageContentType.h"; sourceTree = "<group>"; };
		E57273911E94E5BB00AAE90C /* NSData+ImageContentType.m */ = {isa = PBXFileReference; fileEncoding = 4; lastKnownFileType = sourcecode.c.objc; path = "NSData+ImageContentType.m"; sourceTree = "<group>"; };
		E57273921E94E5BB00AAE90C /* NSImage+WebCache.h */ = {isa = PBXFileReference; fileEncoding = 4; lastKnownFileType = sourcecode.c.h; path = "NSImage+WebCache.h"; sourceTree = "<group>"; };
		E57273931E94E5BB00AAE90C /* NSImage+WebCache.m */ = {isa = PBXFileReference; fileEncoding = 4; lastKnownFileType = sourcecode.c.objc; path = "NSImage+WebCache.m"; sourceTree = "<group>"; };
		E57273941E94E5BB00AAE90C /* SDImageCache.h */ = {isa = PBXFileReference; fileEncoding = 4; lastKnownFileType = sourcecode.c.h; path = SDImageCache.h; sourceTree = "<group>"; };
		E57273951E94E5BB00AAE90C /* SDImageCache.m */ = {isa = PBXFileReference; fileEncoding = 4; lastKnownFileType = sourcecode.c.objc; path = SDImageCache.m; sourceTree = "<group>"; };
		E57273961E94E5BB00AAE90C /* SDImageCacheConfig.h */ = {isa = PBXFileReference; fileEncoding = 4; lastKnownFileType = sourcecode.c.h; path = SDImageCacheConfig.h; sourceTree = "<group>"; };
		E57273971E94E5BB00AAE90C /* SDImageCacheConfig.m */ = {isa = PBXFileReference; fileEncoding = 4; lastKnownFileType = sourcecode.c.objc; path = SDImageCacheConfig.m; sourceTree = "<group>"; };
		E57273981E94E5BB00AAE90C /* SDWebImageCompat.h */ = {isa = PBXFileReference; fileEncoding = 4; lastKnownFileType = sourcecode.c.h; path = SDWebImageCompat.h; sourceTree = "<group>"; };
		E57273991E94E5BB00AAE90C /* SDWebImageCompat.m */ = {isa = PBXFileReference; fileEncoding = 4; lastKnownFileType = sourcecode.c.objc; path = SDWebImageCompat.m; sourceTree = "<group>"; };
		E572739A1E94E5BB00AAE90C /* SDWebImageDecoder.h */ = {isa = PBXFileReference; fileEncoding = 4; lastKnownFileType = sourcecode.c.h; path = SDWebImageDecoder.h; sourceTree = "<group>"; };
		E572739B1E94E5BB00AAE90C /* SDWebImageDecoder.m */ = {isa = PBXFileReference; fileEncoding = 4; lastKnownFileType = sourcecode.c.objc; path = SDWebImageDecoder.m; sourceTree = "<group>"; };
		E572739C1E94E5BB00AAE90C /* SDWebImageDownloader.h */ = {isa = PBXFileReference; fileEncoding = 4; lastKnownFileType = sourcecode.c.h; path = SDWebImageDownloader.h; sourceTree = "<group>"; };
		E572739D1E94E5BB00AAE90C /* SDWebImageDownloader.m */ = {isa = PBXFileReference; fileEncoding = 4; lastKnownFileType = sourcecode.c.objc; path = SDWebImageDownloader.m; sourceTree = "<group>"; };
		E572739E1E94E5BB00AAE90C /* SDWebImageDownloaderOperation.h */ = {isa = PBXFileReference; fileEncoding = 4; lastKnownFileType = sourcecode.c.h; path = SDWebImageDownloaderOperation.h; sourceTree = "<group>"; };
		E572739F1E94E5BB00AAE90C /* SDWebImageDownloaderOperation.m */ = {isa = PBXFileReference; fileEncoding = 4; lastKnownFileType = sourcecode.c.objc; path = SDWebImageDownloaderOperation.m; sourceTree = "<group>"; };
		E57273A01E94E5BB00AAE90C /* SDWebImageManager.h */ = {isa = PBXFileReference; fileEncoding = 4; lastKnownFileType = sourcecode.c.h; path = SDWebImageManager.h; sourceTree = "<group>"; };
		E57273A11E94E5BB00AAE90C /* SDWebImageManager.m */ = {isa = PBXFileReference; fileEncoding = 4; lastKnownFileType = sourcecode.c.objc; path = SDWebImageManager.m; sourceTree = "<group>"; };
		E57273A21E94E5BB00AAE90C /* SDWebImageOperation.h */ = {isa = PBXFileReference; fileEncoding = 4; lastKnownFileType = sourcecode.c.h; path = SDWebImageOperation.h; sourceTree = "<group>"; };
		E57273A31E94E5BB00AAE90C /* SDWebImagePrefetcher.h */ = {isa = PBXFileReference; fileEncoding = 4; lastKnownFileType = sourcecode.c.h; path = SDWebImagePrefetcher.h; sourceTree = "<group>"; };
		E57273A41E94E5BB00AAE90C /* SDWebImagePrefetcher.m */ = {isa = PBXFileReference; fileEncoding = 4; lastKnownFileType = sourcecode.c.objc; path = SDWebImagePrefetcher.m; sourceTree = "<group>"; };
		E57273A51E94E5BB00AAE90C /* UIButton+WebCache.h */ = {isa = PBXFileReference; fileEncoding = 4; lastKnownFileType = sourcecode.c.h; path = "UIButton+WebCache.h"; sourceTree = "<group>"; };
		E57273A61E94E5BB00AAE90C /* UIButton+WebCache.m */ = {isa = PBXFileReference; fileEncoding = 4; lastKnownFileType = sourcecode.c.objc; path = "UIButton+WebCache.m"; sourceTree = "<group>"; };
		E57273A71E94E5BB00AAE90C /* UIImage+GIF.h */ = {isa = PBXFileReference; fileEncoding = 4; lastKnownFileType = sourcecode.c.h; path = "UIImage+GIF.h"; sourceTree = "<group>"; };
		E57273A81E94E5BB00AAE90C /* UIImage+GIF.m */ = {isa = PBXFileReference; fileEncoding = 4; lastKnownFileType = sourcecode.c.objc; path = "UIImage+GIF.m"; sourceTree = "<group>"; };
		E57273A91E94E5BB00AAE90C /* UIImage+MultiFormat.h */ = {isa = PBXFileReference; fileEncoding = 4; lastKnownFileType = sourcecode.c.h; path = "UIImage+MultiFormat.h"; sourceTree = "<group>"; };
		E57273AA1E94E5BB00AAE90C /* UIImage+MultiFormat.m */ = {isa = PBXFileReference; fileEncoding = 4; lastKnownFileType = sourcecode.c.objc; path = "UIImage+MultiFormat.m"; sourceTree = "<group>"; };
		E57273AB1E94E5BB00AAE90C /* UIImage+WebP.h */ = {isa = PBXFileReference; fileEncoding = 4; lastKnownFileType = sourcecode.c.h; path = "UIImage+WebP.h"; sourceTree = "<group>"; };
		E57273AC1E94E5BB00AAE90C /* UIImage+WebP.m */ = {isa = PBXFileReference; fileEncoding = 4; lastKnownFileType = sourcecode.c.objc; path = "UIImage+WebP.m"; sourceTree = "<group>"; };
		E57273AD1E94E5BB00AAE90C /* UIImageView+HighlightedWebCache.h */ = {isa = PBXFileReference; fileEncoding = 4; lastKnownFileType = sourcecode.c.h; path = "UIImageView+HighlightedWebCache.h"; sourceTree = "<group>"; };
		E57273AE1E94E5BB00AAE90C /* UIImageView+HighlightedWebCache.m */ = {isa = PBXFileReference; fileEncoding = 4; lastKnownFileType = sourcecode.c.objc; path = "UIImageView+HighlightedWebCache.m"; sourceTree = "<group>"; };
		E57273AF1E94E5BB00AAE90C /* UIImageView+WebCache.h */ = {isa = PBXFileReference; fileEncoding = 4; lastKnownFileType = sourcecode.c.h; path = "UIImageView+WebCache.h"; sourceTree = "<group>"; };
		E57273B01E94E5BB00AAE90C /* UIImageView+WebCache.m */ = {isa = PBXFileReference; fileEncoding = 4; lastKnownFileType = sourcecode.c.objc; path = "UIImageView+WebCache.m"; sourceTree = "<group>"; };
		E57273B11E94E5BB00AAE90C /* UIView+WebCache.h */ = {isa = PBXFileReference; fileEncoding = 4; lastKnownFileType = sourcecode.c.h; path = "UIView+WebCache.h"; sourceTree = "<group>"; };
		E57273B21E94E5BB00AAE90C /* UIView+WebCache.m */ = {isa = PBXFileReference; fileEncoding = 4; lastKnownFileType = sourcecode.c.objc; path = "UIView+WebCache.m"; sourceTree = "<group>"; };
		E57273B31E94E5BB00AAE90C /* UIView+WebCacheOperation.h */ = {isa = PBXFileReference; fileEncoding = 4; lastKnownFileType = sourcecode.c.h; path = "UIView+WebCacheOperation.h"; sourceTree = "<group>"; };
		E57273B41E94E5BB00AAE90C /* UIView+WebCacheOperation.m */ = {isa = PBXFileReference; fileEncoding = 4; lastKnownFileType = sourcecode.c.objc; path = "UIView+WebCacheOperation.m"; sourceTree = "<group>"; };
		E57273C81E94E8AA00AAE90C /* HMContact.h */ = {isa = PBXFileReference; fileEncoding = 4; lastKnownFileType = sourcecode.c.h; path = HMContact.h; sourceTree = "<group>"; };
		E57273C91E94E8AA00AAE90C /* HMContact.m */ = {isa = PBXFileReference; fileEncoding = 4; lastKnownFileType = sourcecode.c.objc; path = HMContact.m; sourceTree = "<group>"; };
		E57273CB1E94E9A700AAE90C /* HMTableViewCell.h */ = {isa = PBXFileReference; fileEncoding = 4; lastKnownFileType = sourcecode.c.h; path = HMTableViewCell.h; sourceTree = "<group>"; };
		E57273CC1E94E9A700AAE90C /* HMTableViewCell.m */ = {isa = PBXFileReference; fileEncoding = 4; lastKnownFileType = sourcecode.c.objc; path = HMTableViewCell.m; sourceTree = "<group>"; };
		E57273CD1E94E9A700AAE90C /* HMTableViewCell.xib */ = {isa = PBXFileReference; fileEncoding = 4; lastKnownFileType = file.xib; path = HMTableViewCell.xib; sourceTree = "<group>"; };
/* End PBXFileReference section */

/* Begin PBXFrameworksBuildPhase section */
		E572735C1E94E59100AAE90C /* Frameworks */ = {
			isa = PBXFrameworksBuildPhase;
			buildActionMask = 2147483647;
			files = (
			);
			runOnlyForDeploymentPostprocessing = 0;
		};
/* End PBXFrameworksBuildPhase section */

/* Begin PBXGroup section */
		E57273561E94E59100AAE90C = {
			isa = PBXGroup;
			children = (
				E57273611E94E59100AAE90C /* 联系人 */,
				E57273601E94E59100AAE90C /* Products */,
			);
			sourceTree = "<group>";
		};
		E57273601E94E59100AAE90C /* Products */ = {
			isa = PBXGroup;
			children = (
				E572735F1E94E59100AAE90C /* 联系人.app */,
			);
			name = Products;
			sourceTree = "<group>";
		};
		E57273611E94E59100AAE90C /* 联系人 */ = {
			isa = PBXGroup;
			children = (
				E572738D1E94E5BB00AAE90C /* SDWebImage */,
				E57273791E94E5AC00AAE90C /* AFNetworking */,
				E57273651E94E59100AAE90C /* AppDelegate.h */,
				E57273661E94E59100AAE90C /* AppDelegate.m */,
				E57273681E94E59100AAE90C /* ViewController.h */,
				E57273691E94E59100AAE90C /* ViewController.m */,
				E57273CB1E94E9A700AAE90C /* HMTableViewCell.h */,
				E57273CC1E94E9A700AAE90C /* HMTableViewCell.m */,
				E57273CD1E94E9A700AAE90C /* HMTableViewCell.xib */,
				E57273C81E94E8AA00AAE90C /* HMContact.h */,
				E57273C91E94E8AA00AAE90C /* HMContact.m */,
				E572736B1E94E59100AAE90C /* Main.storyboard */,
				E572736E1E94E59100AAE90C /* Assets.xcassets */,
				E57273701E94E59100AAE90C /* LaunchScreen.storyboard */,
				E57273731E94E59100AAE90C /* Info.plist */,
				E57273621E94E59100AAE90C /* Supporting Files */,
			);
			path = "联系人";
			sourceTree = "<group>";
		};
		E57273621E94E59100AAE90C /* Supporting Files */ = {
			isa = PBXGroup;
			children = (
				E57273631E94E59100AAE90C /* main.m */,
			);
			name = "Supporting Files";
			sourceTree = "<group>";
		};
		E57273791E94E5AC00AAE90C /* AFNetworking */ = {
			isa = PBXGroup;
			children = (
				E572737A1E94E5AC00AAE90C /* AFHTTPSessionManager.h */,
				E572737B1E94E5AC00AAE90C /* AFHTTPSessionManager.m */,
				E572737C1E94E5AC00AAE90C /* AFNetworking.h */,
				E572737D1E94E5AC00AAE90C /* AFNetworkReachabilityManager.h */,
				E572737E1E94E5AC00AAE90C /* AFNetworkReachabilityManager.m */,
				E572737F1E94E5AC00AAE90C /* AFSecurityPolicy.h */,
				E57273801E94E5AC00AAE90C /* AFSecurityPolicy.m */,
				E57273811E94E5AC00AAE90C /* AFURLRequestSerialization.h */,
				E57273821E94E5AC00AAE90C /* AFURLRequestSerialization.m */,
				E57273831E94E5AC00AAE90C /* AFURLResponseSerialization.h */,
				E57273841E94E5AC00AAE90C /* AFURLResponseSerialization.m */,
				E57273851E94E5AC00AAE90C /* AFURLSessionManager.h */,
				E57273861E94E5AC00AAE90C /* AFURLSessionManager.m */,
			);
			path = AFNetworking;
			sourceTree = "<group>";
		};
		E572738D1E94E5BB00AAE90C /* SDWebImage */ = {
			isa = PBXGroup;
			children = (
				E572738E1E94E5BB00AAE90C /* MKAnnotationView+WebCache.h */,
				E572738F1E94E5BB00AAE90C /* MKAnnotationView+WebCache.m */,
				E57273901E94E5BB00AAE90C /* NSData+ImageContentType.h */,
				E57273911E94E5BB00AAE90C /* NSData+ImageContentType.m */,
				E57273921E94E5BB00AAE90C /* NSImage+WebCache.h */,
				E57273931E94E5BB00AAE90C /* NSImage+WebCache.m */,
				E57273941E94E5BB00AAE90C /* SDImageCache.h */,
				E57273951E94E5BB00AAE90C /* SDImageCache.m */,
				E57273961E94E5BB00AAE90C /* SDImageCacheConfig.h */,
				E57273971E94E5BB00AAE90C /* SDImageCacheConfig.m */,
				E57273981E94E5BB00AAE90C /* SDWebImageCompat.h */,
				E57273991E94E5BB00AAE90C /* SDWebImageCompat.m */,
				E572739A1E94E5BB00AAE90C /* SDWebImageDecoder.h */,
				E572739B1E94E5BB00AAE90C /* SDWebImageDecoder.m */,
				E572739C1E94E5BB00AAE90C /* SDWebImageDownloader.h */,
				E572739D1E94E5BB00AAE90C /* SDWebImageDownloader.m */,
				E572739E1E94E5BB00AAE90C /* SDWebImageDownloaderOperation.h */,
				E572739F1E94E5BB00AAE90C /* SDWebImageDownloaderOperation.m */,
				E57273A01E94E5BB00AAE90C /* SDWebImageManager.h */,
				E57273A11E94E5BB00AAE90C /* SDWebImageManager.m */,
				E57273A21E94E5BB00AAE90C /* SDWebImageOperation.h */,
				E57273A31E94E5BB00AAE90C /* SDWebImagePrefetcher.h */,
				E57273A41E94E5BB00AAE90C /* SDWebImagePrefetcher.m */,
				E57273A51E94E5BB00AAE90C /* UIButton+WebCache.h */,
				E57273A61E94E5BB00AAE90C /* UIButton+WebCache.m */,
				E57273A71E94E5BB00AAE90C /* UIImage+GIF.h */,
				E57273A81E94E5BB00AAE90C /* UIImage+GIF.m */,
				E57273A91E94E5BB00AAE90C /* UIImage+MultiFormat.h */,
				E57273AA1E94E5BB00AAE90C /* UIImage+MultiFormat.m */,
				E57273AB1E94E5BB00AAE90C /* UIImage+WebP.h */,
				E57273AC1E94E5BB00AAE90C /* UIImage+WebP.m */,
				E57273AD1E94E5BB00AAE90C /* UIImageView+HighlightedWebCache.h */,
				E57273AE1E94E5BB00AAE90C /* UIImageView+HighlightedWebCache.m */,
				E57273AF1E94E5BB00AAE90C /* UIImageView+WebCache.h */,
				E57273B01E94E5BB00AAE90C /* UIImageView+WebCache.m */,
				E57273B11E94E5BB00AAE90C /* UIView+WebCache.h */,
				E57273B21E94E5BB00AAE90C /* UIView+WebCache.m */,
				E57273B31E94E5BB00AAE90C /* UIView+WebCacheOperation.h */,
				E57273B41E94E5BB00AAE90C /* UIView+WebCacheOperation.m */,
			);
			path = SDWebImage;
			sourceTree = "<group>";
		};
/* End PBXGroup section */

/* Begin PBXNativeTarget section */
		E572735E1E94E59100AAE90C /* 联系人 */ = {
			isa = PBXNativeTarget;
			buildConfigurationList = E57273761E94E59100AAE90C /* Build configuration list for PBXNativeTarget "联系人" */;
			buildPhases = (
				E572735B1E94E59100AAE90C /* Sources */,
				E572735C1E94E59100AAE90C /* Frameworks */,
				E572735D1E94E59100AAE90C /* Resources */,
			);
			buildRules = (
			);
			dependencies = (
			);
			name = "联系人";
			productName = "联系人";
			productReference = E572735F1E94E59100AAE90C /* 联系人.app */;
			productType = "com.apple.product-type.application";
		};
/* End PBXNativeTarget section */

/* Begin PBXProject section */
		E57273571E94E59100AAE90C /* Project object */ = {
			isa = PBXProject;
			attributes = {
				LastUpgradeCheck = 0830;
				ORGANIZATIONNAME = chao;
				TargetAttributes = {
					E572735E1E94E59100AAE90C = {
						CreatedOnToolsVersion = 8.3;
						ProvisioningStyle = Automatic;
					};
				};
			};
			buildConfigurationList = E572735A1E94E59100AAE90C /* Build configuration list for PBXProject "联系人" */;
			compatibilityVersion = "Xcode 3.2";
			developmentRegion = English;
			hasScannedForEncodings = 0;
			knownRegions = (
				en,
				Base,
			);
			mainGroup = E57273561E94E59100AAE90C;
			productRefGroup = E57273601E94E59100AAE90C /* Products */;
			projectDirPath = "";
			projectRoot = "";
			targets = (
				E572735E1E94E59100AAE90C /* 联系人 */,
			);
		};
/* End PBXProject section */

/* Begin PBXResourcesBuildPhase section */
		E572735D1E94E59100AAE90C /* Resources */ = {
			isa = PBXResourcesBuildPhase;
			buildActionMask = 2147483647;
			files = (
				E57273CF1E94E9A700AAE90C /* HMTableViewCell.xib in Resources */,
				E57273721E94E59100AAE90C /* LaunchScreen.storyboard in Resources */,
				E572736F1E94E59100AAE90C /* Assets.xcassets in Resources */,
				E572736D1E94E59100AAE90C /* Main.storyboard in Resources */,
			);
			runOnlyForDeploymentPostprocessing = 0;
		};
/* End PBXResourcesBuildPhase section */

/* Begin PBXSourcesBuildPhase section */
		E572735B1E94E59100AAE90C /* Sources */ = {
			isa = PBXSourcesBuildPhase;
			buildActionMask = 2147483647;
			files = (
				E57273C11E94E5BB00AAE90C /* UIImage+GIF.m in Sources */,
				E572738C1E94E5AC00AAE90C /* AFURLSessionManager.m in Sources */,
				E57273BF1E94E5BB00AAE90C /* SDWebImagePrefetcher.m in Sources */,
				E572736A1E94E59100AAE90C /* ViewController.m in Sources */,
				E57273B71E94E5BB00AAE90C /* NSImage+WebCache.m in Sources */,
				E57273C61E94E5BB00AAE90C /* UIView+WebCache.m in Sources */,
				E57273B91E94E5BB00AAE90C /* SDImageCacheConfig.m in Sources */,
				E57273671E94E59100AAE90C /* AppDelegate.m in Sources */,
				E57273B51E94E5BB00AAE90C /* MKAnnotationView+WebCache.m in Sources */,
				E57273C01E94E5BB00AAE90C /* UIButton+WebCache.m in Sources */,
				E57273BD1E94E5BB00AAE90C /* SDWebImageDownloaderOperation.m in Sources */,
				E57273881E94E5AC00AAE90C /* AFNetworkReachabilityManager.m in Sources */,
				E57273BA1E94E5BB00AAE90C /* SDWebImageCompat.m in Sources */,
				E57273641E94E59100AAE90C /* main.m in Sources */,
				E57273C21E94E5BB00AAE90C /* UIImage+MultiFormat.m in Sources */,
				E57273C51E94E5BB00AAE90C /* UIImageView+WebCache.m in Sources */,
				E57273CE1E94E9A700AAE90C /* HMTableViewCell.m in Sources */,
				E57273891E94E5AC00AAE90C /* AFSecurityPolicy.m in Sources */,
				E572738A1E94E5AC00AAE90C /* AFURLRequestSerialization.m in Sources */,
				E572738B1E94E5AC00AAE90C /* AFURLResponseSerialization.m in Sources */,
				E57273BC1E94E5BB00AAE90C /* SDWebImageDownloader.m in Sources */,
				E57273C41E94E5BB00AAE90C /* UIImageView+HighlightedWebCache.m in Sources */,
				E57273BB1E94E5BB00AAE90C /* SDWebImageDecoder.m in Sources */,
				E57273C31E94E5BB00AAE90C /* UIImage+WebP.m in Sources */,
				E57273BE1E94E5BB00AAE90C /* SDWebImageManager.m in Sources */,
				E57273C71E94E5BB00AAE90C /* UIView+WebCacheOperation.m in Sources */,
				E57273B81E94E5BB00AAE90C /* SDImageCache.m in Sources */,
				E57273871E94E5AC00AAE90C /* AFHTTPSessionManager.m in Sources */,
				E57273B61E94E5BB00AAE90C /* NSData+ImageContentType.m in Sources */,
				E57273CA1E94E8AA00AAE90C /* HMContact.m in Sources */,
			);
			runOnlyForDeploymentPostprocessing = 0;
		};
/* End PBXSourcesBuildPhase section */

/* Begin PBXVariantGroup section */
		E572736B1E94E59100AAE90C /* Main.storyboard */ = {
			isa = PBXVariantGroup;
			children = (
				E572736C1E94E59100AAE90C /* Base */,
			);
			name = Main.storyboard;
			sourceTree = "<group>";
		};
		E57273701E94E59100AAE90C /* LaunchScreen.storyboard */ = {
			isa = PBXVariantGroup;
			children = (
				E57273711E94E59100AAE90C /* Base */,
			);
			name = LaunchScreen.storyboard;
			sourceTree = "<group>";
		};
/* End PBXVariantGroup section */

/* Begin XCBuildConfiguration section */
		E57273741E94E59100AAE90C /* Debug */ = {
			isa = XCBuildConfiguration;
			buildSettings = {
				ALWAYS_SEARCH_USER_PATHS = NO;
				CLANG_ANALYZER_NONNULL = YES;
				CLANG_ANALYZER_NUMBER_OBJECT_CONVERSION = YES_AGGRESSIVE;
				CLANG_CXX_LANGUAGE_STANDARD = "gnu++0x";
				CLANG_CXX_LIBRARY = "libc++";
				CLANG_ENABLE_MODULES = YES;
				CLANG_ENABLE_OBJC_ARC = YES;
				CLANG_WARN_BOOL_CONVERSION = YES;
				CLANG_WARN_CONSTANT_CONVERSION = YES;
				CLANG_WARN_DIRECT_OBJC_ISA_USAGE = YES_ERROR;
				CLANG_WARN_DOCUMENTATION_COMMENTS = YES;
				CLANG_WARN_EMPTY_BODY = YES;
				CLANG_WARN_ENUM_CONVERSION = YES;
				CLANG_WARN_INFINITE_RECURSION = YES;
				CLANG_WARN_INT_CONVERSION = YES;
				CLANG_WARN_OBJC_ROOT_CLASS = YES_ERROR;
				CLANG_WARN_SUSPICIOUS_MOVE = YES;
				CLANG_WARN_UNREACHABLE_CODE = YES;
				CLANG_WARN__DUPLICATE_METHOD_MATCH = YES;
				"CODE_SIGN_IDENTITY[sdk=iphoneos*]" = "iPhone Developer";
				COPY_PHASE_STRIP = NO;
				DEBUG_INFORMATION_FORMAT = dwarf;
				ENABLE_STRICT_OBJC_MSGSEND = YES;
				ENABLE_TESTABILITY = YES;
				GCC_C_LANGUAGE_STANDARD = gnu99;
				GCC_DYNAMIC_NO_PIC = NO;
				GCC_NO_COMMON_BLOCKS = YES;
				GCC_OPTIMIZATION_LEVEL = 0;
				GCC_PREPROCESSOR_DEFINITIONS = (
					"DEBUG=1",
					"$(inherited)",
				);
				GCC_WARN_64_TO_32_BIT_CONVERSION = YES;
				GCC_WARN_ABOUT_RETURN_TYPE = YES_ERROR;
				GCC_WARN_UNDECLARED_SELECTOR = YES;
				GCC_WARN_UNINITIALIZED_AUTOS = YES_AGGRESSIVE;
				GCC_WARN_UNUSED_FUNCTION = YES;
				GCC_WARN_UNUSED_VARIABLE = YES;
				IPHONEOS_DEPLOYMENT_TARGET = 10.3;
				MTL_ENABLE_DEBUG_INFO = YES;
				ONLY_ACTIVE_ARCH = YES;
				SDKROOT = iphoneos;
			};
			name = Debug;
		};
		E57273751E94E59100AAE90C /* Release */ = {
			isa = XCBuildConfiguration;
			buildSettings = {
				ALWAYS_SEARCH_USER_PATHS = NO;
				CLANG_ANALYZER_NONNULL = YES;
				CLANG_ANALYZER_NUMBER_OBJECT_CONVERSION = YES_AGGRESSIVE;
				CLANG_CXX_LANGUAGE_STANDARD = "gnu++0x";
				CLANG_CXX_LIBRARY = "libc++";
				CLANG_ENABLE_MODULES = YES;
				CLANG_ENABLE_OBJC_ARC = YES;
				CLANG_WARN_BOOL_CONVERSION = YES;
				CLANG_WARN_CONSTANT_CONVERSION = YES;
				CLANG_WARN_DIRECT_OBJC_ISA_USAGE = YES_ERROR;
				CLANG_WARN_DOCUMENTATION_COMMENTS = YES;
				CLANG_WARN_EMPTY_BODY = YES;
				CLANG_WARN_ENUM_CONVERSION = YES;
				CLANG_WARN_INFINITE_RECURSION = YES;
				CLANG_WARN_INT_CONVERSION = YES;
				CLANG_WARN_OBJC_ROOT_CLASS = YES_ERROR;
				CLANG_WARN_SUSPICIOUS_MOVE = YES;
				CLANG_WARN_UNREACHABLE_CODE = YES;
				CLANG_WARN__DUPLICATE_METHOD_MATCH = YES;
				"CODE_SIGN_IDENTITY[sdk=iphoneos*]" = "iPhone Developer";
				COPY_PHASE_STRIP = NO;
				DEBUG_INFORMATION_FORMAT = "dwarf-with-dsym";
				ENABLE_NS_ASSERTIONS = NO;
				ENABLE_STRICT_OBJC_MSGSEND = YES;
				GCC_C_LANGUAGE_STANDARD = gnu99;
				GCC_NO_COMMON_BLOCKS = YES;
				GCC_WARN_64_TO_32_BIT_CONVERSION = YES;
				GCC_WARN_ABOUT_RETURN_TYPE = YES_ERROR;
				GCC_WARN_UNDECLARED_SELECTOR = YES;
				GCC_WARN_UNINITIALIZED_AUTOS = YES_AGGRESSIVE;
				GCC_WARN_UNUSED_FUNCTION = YES;
				GCC_WARN_UNUSED_VARIABLE = YES;
				IPHONEOS_DEPLOYMENT_TARGET = 10.3;
				MTL_ENABLE_DEBUG_INFO = NO;
				SDKROOT = iphoneos;
				VALIDATE_PRODUCT = YES;
			};
			name = Release;
		};
		E57273771E94E59100AAE90C /* Debug */ = {
			isa = XCBuildConfiguration;
			buildSettings = {
				ASSETCATALOG_COMPILER_APPICON_NAME = AppIcon;
				INFOPLIST_FILE = "联系人/Info.plist";
				LD_RUNPATH_SEARCH_PATHS = "$(inherited) @executable_path/Frameworks";
				PRODUCT_BUNDLE_IDENTIFIER = "com.chao.---";
				PRODUCT_NAME = "$(TARGET_NAME)";
			};
			name = Debug;
		};
		E57273781E94E59100AAE90C /* Release */ = {
			isa = XCBuildConfiguration;
			buildSettings = {
				ASSETCATALOG_COMPILER_APPICON_NAME = AppIcon;
				INFOPLIST_FILE = "联系人/Info.plist";
				LD_RUNPATH_SEARCH_PATHS = "$(inherited) @executable_path/Frameworks";
				PRODUCT_BUNDLE_IDENTIFIER = "com.chao.---";
				PRODUCT_NAME = "$(TARGET_NAME)";
			};
			name = Release;
		};
/* End XCBuildConfiguration section */

/* Begin XCConfigurationList section */
		E572735A1E94E59100AAE90C /* Build configuration list for PBXProject "联系人" */ = {
			isa = XCConfigurationList;
			buildConfigurations = (
				E57273741E94E59100AAE90C /* Debug */,
				E57273751E94E59100AAE90C /* Release */,
			);
			defaultConfigurationIsVisible = 0;
			defaultConfigurationName = Release;
		};
		E57273761E94E59100AAE90C /* Build configuration list for PBXNativeTarget "联系人" */ = {
			isa = XCConfigurationList;
			buildConfigurations = (
				E57273771E94E59100AAE90C /* Debug */,
				E57273781E94E59100AAE90C /* Release */,
			);
			defaultConfigurationIsVisible = 0;
		};
/* End XCConfigurationList section */
	};
	rootObject = E57273571E94E59100AAE90C /* Project object */;
}
